
Microsoft Visual Studio Solution File, Format Version 12.00
# Visual Studio Version 17
VisualStudioVersion = 17.2.32630.192
MinimumVisualStudioVersion = 10.0.40219.1
Project("{9A19103F-16F7-4668-BE54-9A1E7A4F7556}") = "R5T.S0104", "R5T.S0104\R5T.S0104.csproj", "{F2AD77AF-03DC-41E6-AAD4-05C49301DE62}"
EndProject
Project("{2150E333-8FDC-42A3-9474-1A3956D46DE8}") = "_Dependencies", "_Dependencies", "{40F88856-467F-4A1F-97CC-6437289DB92B}"
EndProject
Project("{9A19103F-16F7-4668-BE54-9A1E7A4F7556}") = "R5T.F0000", "..\..\R5T.F0000\source\R5T.F0000\R5T.F0000.csproj", "{E8C1CA06-9046-481A-9A84-47BD1C0A03EB}"
EndProject
Project("{9A19103F-16F7-4668-BE54-9A1E7A4F7556}") = "R5T.F0002", "..\..\R5T.F0002\source\R5T.F0002\R5T.F0002.csproj", "{0AF9FA7B-FD0E-4852-8536-9941800B0B3B}"
EndProject
Project("{9A19103F-16F7-4668-BE54-9A1E7A4F7556}") = "R5T.F0120", "..\..\R5T.F0120\source\R5T.F0120\R5T.F0120.csproj", "{17E6D348-2E08-443B-8E05-E7ED3CF4BB07}"
EndProject
Project("{9A19103F-16F7-4668-BE54-9A1E7A4F7556}") = "R5T.F0124", "..\..\R5T.F0124\source\R5T.F0124\R5T.F0124.csproj", "{E20A0549-29EB-4E4F-9B51-EB446523BC5F}"
EndProject
Project("{9A19103F-16F7-4668-BE54-9A1E7A4F7556}") = "R5T.F0125", "..\..\R5T.F0125\source\R5T.F0125\R5T.F0125.csproj", "{877CC3E5-C30C-4D98-BD24-20F9BF5227FA}"
EndProject
Project("{9A19103F-16F7-4668-BE54-9A1E7A4F7556}") = "R5T.L0030.T000", "..\..\R5T.L0030\source\R5T.L0030.T000\R5T.L0030.T000.csproj", "{B43FCDC6-0DB2-4ACC-8590-EA8E136F5538}"
EndProject
Project("{9A19103F-16F7-4668-BE54-9A1E7A4F7556}") = "R5T.L0030", "..\..\R5T.L0030\source\R5T.L0030\R5T.L0030.csproj", "{4E077B2C-0E27-4365-8F42-8091AFE81DAC}"
EndProject
Project("{9A19103F-16F7-4668-BE54-9A1E7A4F7556}") = "R5T.L0034", "..\..\R5T.L0034\source\R5T.L0034\R5T.L0034.csproj", "{A1690706-9556-4D8C-8C58-A33424467C11}"
EndProject
Project("{9A19103F-16F7-4668-BE54-9A1E7A4F7556}") = "R5T.L0035", "..\..\R5T.L0035\source\R5T.L0035\R5T.L0035.csproj", "{968B79F7-D7A8-4E60-82BD-02D6622B3BDA}"
EndProject
Project("{9A19103F-16F7-4668-BE54-9A1E7A4F7556}") = "R5T.L0053", "..\..\R5T.L0053\source\R5T.L0053\R5T.L0053.csproj", "{AF63C3D5-9B90-46CB-BDEF-353B97F0B8A3}"
EndProject
Project("{9A19103F-16F7-4668-BE54-9A1E7A4F7556}") = "R5T.NG0022", "..\..\R5T.NG0022\source\R5T.NG0022\R5T.NG0022.csproj", "{77C3E2EB-C2E9-4596-BE65-01F788041E75}"
EndProject
Project("{9A19103F-16F7-4668-BE54-9A1E7A4F7556}") = "R5T.T0131", "..\..\R5T.T0131\source\R5T.T0131\R5T.T0131.csproj", "{C0259313-E1FA-48B5-8B3A-68685C5ACFB9}"
EndProject
Project("{9A19103F-16F7-4668-BE54-9A1E7A4F7556}") = "R5T.T0132", "..\..\R5T.T0132\source\R5T.T0132\R5T.T0132.csproj", "{79D2C7D6-D544-4DC9-B1B5-FA9B3BD859B4}"
EndProject
Project("{9A19103F-16F7-4668-BE54-9A1E7A4F7556}") = "R5T.T0142", "..\..\R5T.T0142\source\R5T.T0142\R5T.T0142.csproj", "{6660E418-8939-4336-870F-6C4F14E3B607}"
EndProject
Project("{9A19103F-16F7-4668-BE54-9A1E7A4F7556}") = "R5T.T0143", "..\..\R5T.T0143\source\R5T.T0143\R5T.T0143.csproj", "{50DAA580-EFDF-461D-B95B-0771C79B3BED}"
EndProject
Project("{9A19103F-16F7-4668-BE54-9A1E7A4F7556}") = "R5T.T0156", "..\..\R5T.T0156\source\R5T.T0156\R5T.T0156.csproj", "{B42EE285-221D-4F0F-BA53-647F9EC59AAB}"
EndProject
Project("{9A19103F-16F7-4668-BE54-9A1E7A4F7556}") = "R5T.T0174", "..\..\R5T.T0174\source\R5T.T0174\R5T.T0174.csproj", "{4A606A55-EC6F-45EE-A1AA-08FAA2B32C3C}"
EndProject
Project("{9A19103F-16F7-4668-BE54-9A1E7A4F7556}") = "R5T.T0176", "..\..\R5T.T0176\source\R5T.T0176\R5T.T0176.csproj", "{E04523C0-26DF-4915-A243-C42DE991B1E9}"
EndProject
Project("{9A19103F-16F7-4668-BE54-9A1E7A4F7556}") = "R5T.T0177", "..\..\R5T.T0177\source\R5T.T0177\R5T.T0177.csproj", "{E2FD247A-C884-40ED-ADC4-CD24B81CC388}"
EndProject
Project("{9A19103F-16F7-4668-BE54-9A1E7A4F7556}") = "R5T.T0178", "..\..\R5T.T0178\source\R5T.T0178\R5T.T0178.csproj", "{8588144D-7BEE-495F-B23B-8F959A758DF9}"
EndProject
Project("{9A19103F-16F7-4668-BE54-9A1E7A4F7556}") = "R5T.T0179", "..\..\R5T.T0179\source\R5T.T0179\R5T.T0179.csproj", "{BC4D14BD-0005-4897-B000-4E89C89CA572}"
EndProject
Project("{9A19103F-16F7-4668-BE54-9A1E7A4F7556}") = "R5T.T0180", "..\..\R5T.T0180\source\R5T.T0180\R5T.T0180.csproj", "{54C6CF7F-2088-4F5B-B366-485193164220}"
EndProject
Project("{9A19103F-16F7-4668-BE54-9A1E7A4F7556}") = "R5T.T0181", "..\..\R5T.T0181\source\R5T.T0181\R5T.T0181.csproj", "{411EB33A-CB85-439C-9097-C6BDF100830A}"
EndProject
Project("{9A19103F-16F7-4668-BE54-9A1E7A4F7556}") = "R5T.T0185", "..\..\R5T.T0185\source\R5T.T0185\R5T.T0185.csproj", "{50B8A07E-8752-4DC3-83A3-2DBB2B112A85}"
EndProject
Project("{9A19103F-16F7-4668-BE54-9A1E7A4F7556}") = "R5T.T0199", "..\..\R5T.T0199\source\R5T.T0199\R5T.T0199.csproj", "{54B59BE5-D900-4D36-8189-BEC7D2F59D0C}"
EndProject
Project("{9A19103F-16F7-4668-BE54-9A1E7A4F7556}") = "R5T.T0203", "..\..\R5T.T0203\source\R5T.T0203\R5T.T0203.csproj", "{8B02E188-F428-4355-A2BD-8A83C7D80E4D}"
EndProject
Project("{9A19103F-16F7-4668-BE54-9A1E7A4F7556}") = "R5T.T0220", "..\..\R5T.T0220\source\R5T.T0220\R5T.T0220.csproj", "{1353BC6F-6655-4AD6-BA31-936A254B49E0}"
EndProject
Project("{9A19103F-16F7-4668-BE54-9A1E7A4F7556}") = "R5T.T0221", "..\..\R5T.T0221\source\R5T.T0221\R5T.T0221.csproj", "{D9DF72F2-4D54-4139-B45D-0B4FC96B6BEB}"
EndProject
Project("{9A19103F-16F7-4668-BE54-9A1E7A4F7556}") = "R5T.T0225.T000", "..\..\R5T.T0225\source\R5T.T0225.T000\R5T.T0225.T000.csproj", "{E72B01EA-DAF4-4565-B1D1-90769D2260B7}"
EndProject
Project("{9A19103F-16F7-4668-BE54-9A1E7A4F7556}") = "R5T.T0225", "..\..\R5T.T0225\source\R5T.T0225\R5T.T0225.csproj", "{7DABD282-96C9-4A31-981B-81DD7638613A}"
EndProject
Project("{9A19103F-16F7-4668-BE54-9A1E7A4F7556}") = "R5T.T0226.T000", "..\..\R5T.T0226\source\R5T.T0226.T000\R5T.T0226.T000.csproj", "{F3F8D959-009D-4C78-B4C5-7DD056748D31}"
EndProject
Project("{9A19103F-16F7-4668-BE54-9A1E7A4F7556}") = "R5T.T0226", "..\..\R5T.T0226\source\R5T.T0226\R5T.T0226.csproj", "{B968885F-A57A-4A32-A593-EA05A3FB8E56}"
EndProject
Project("{9A19103F-16F7-4668-BE54-9A1E7A4F7556}") = "R5T.Y0000", "..\..\R5T.Y0000\source\R5T.Y0000\R5T.Y0000.csproj", "{5F603C0B-FFF6-436A-92C5-277BBE9ADB32}"
EndProject
Project("{9A19103F-16F7-4668-BE54-9A1E7A4F7556}") = "R5T.Z0000", "..\..\R5T.Z0000\source\R5T.Z0000\R5T.Z0000.csproj", "{8C2FCBF4-997F-4AC4-BF5B-007B2C041C49}"
EndProject
Project("{9A19103F-16F7-4668-BE54-9A1E7A4F7556}") = "R5T.Z0010.Platform", "..\..\R5T.Z0010\source\R5T.Z0010.Platform\R5T.Z0010.Platform.csproj", "{D319986C-1334-4095-8BF6-668ABEE21FAD}"
EndProject
Project("{9A19103F-16F7-4668-BE54-9A1E7A4F7556}") = "R5T.T0141", "..\..\R5T.T0141\source\R5T.T0141\R5T.T0141.csproj", "{479C575B-A4CF-444B-A405-64B5E1D59541}"
EndProject
Project("{9A19103F-16F7-4668-BE54-9A1E7A4F7556}") = "R5T.F0033.Platform", "..\..\R5T.F0033\source\R5T.F0033.Platform\R5T.F0033.Platform.csproj", "{20E0E0D2-F53A-44D7-A86A-1A6D1D96C4AE}"
EndProject
Project("{9A19103F-16F7-4668-BE54-9A1E7A4F7556}") = "R5T.F0033", "..\..\R5T.F0033\source\R5T.F0033\R5T.F0033.csproj", "{A82CC234-B615-4B36-BB86-41A653855B95}"
EndProject
Project("{9A19103F-16F7-4668-BE54-9A1E7A4F7556}") = "R5T.F0034.Platform", "..\..\R5T.F0034\source\R5T.F0034.Platform\R5T.F0034.Platform.csproj", "{F511D5BB-4413-4505-94DB-7A29D7E04AA9}"
EndProject
Project("{9A19103F-16F7-4668-BE54-9A1E7A4F7556}") = "R5T.F0034", "..\..\R5T.F0034\source\R5T.F0034\R5T.F0034.csproj", "{AAB2C935-3A5C-4515-A4F9-B4FF7DD0BDEE}"
EndProject
Project("{9A19103F-16F7-4668-BE54-9A1E7A4F7556}") = "R5T.F0035.F001", "..\..\R5T.F0035\source\R5T.F0035.F001\R5T.F0035.F001.csproj", "{5C6E07CD-A596-45D7-9E3C-76200692826E}"
EndProject
Project("{9A19103F-16F7-4668-BE54-9A1E7A4F7556}") = "R5T.F0059", "..\..\R5T.F0059\source\R5T.F0059\R5T.F0059.csproj", "{4ADE73C2-F52B-4E86-AD05-19ECC18576C4}"
EndProject
Project("{9A19103F-16F7-4668-BE54-9A1E7A4F7556}") = "R5T.F0138", "..\..\R5T.F0138\source\R5T.F0138\R5T.F0138.csproj", "{1B203EC1-C899-4023-8E21-6CAA2B46A572}"
EndProject
Project("{9A19103F-16F7-4668-BE54-9A1E7A4F7556}") = "R5T.F0139", "..\..\R5T.F0139\source\R5T.F0139\R5T.F0139.csproj", "{5EBF8E5B-337B-49D1-BBF3-E123C9C1B18B}"
EndProject
Project("{9A19103F-16F7-4668-BE54-9A1E7A4F7556}") = "R5T.F0140", "..\..\R5T.F0140\source\R5T.F0140\R5T.F0140.csproj", "{ECC3D039-F610-49C7-8D10-0C7948E5ABF6}"
EndProject
Project("{9A19103F-16F7-4668-BE54-9A1E7A4F7556}") = "R5T.L0032.T000", "..\..\R5T.L0032\source\R5T.L0032.T000\R5T.L0032.T000.csproj", "{9B081959-05B2-4DE2-8965-523A7970B603}"
EndProject
Project("{9A19103F-16F7-4668-BE54-9A1E7A4F7556}") = "R5T.L0055", "..\..\R5T.L0055\source\R5T.L0055\R5T.L0055.csproj", "{AA9D823B-2F0C-45A7-82BC-69CB09593CBA}"
EndProject
Project("{9A19103F-16F7-4668-BE54-9A1E7A4F7556}") = "R5T.L0056", "..\..\R5T.L0056\source\R5T.L0056\R5T.L0056.csproj", "{2A3E6AD8-BD22-49A4-B0ED-4BA1544296A0}"
EndProject
Project("{9A19103F-16F7-4668-BE54-9A1E7A4F7556}") = "R5T.L0057", "..\..\R5T.L0057\source\R5T.L0057\R5T.L0057.csproj", "{67D92C25-4109-4371-BA19-DB7211AF7328}"
EndProject
Project("{9A19103F-16F7-4668-BE54-9A1E7A4F7556}") = "R5T.L0061", "..\..\R5T.L0061\source\R5T.L0061\R5T.L0061.csproj", "{B99FF7F1-B48E-4744-8252-A1F3132FA350}"
EndProject
Project("{9A19103F-16F7-4668-BE54-9A1E7A4F7556}") = "R5T.NG0002", "..\..\R5T.NG0002\source\R5T.NG0002\R5T.NG0002.csproj", "{F8A2D63C-0841-44D0-80A8-2D05B09C6DD5}"
EndProject
Project("{9A19103F-16F7-4668-BE54-9A1E7A4F7556}") = "R5T.NG0006", "..\..\R5T.NG0006\source\R5T.NG0006\R5T.NG0006.csproj", "{7F93B0F3-9C53-49AF-9FE8-E9F8B372C1AD}"
EndProject
Project("{9A19103F-16F7-4668-BE54-9A1E7A4F7556}") = "R5T.NG0007", "..\..\R5T.NG0007\source\R5T.NG0007\R5T.NG0007.csproj", "{F7D7D850-3BAB-418F-AA45-D4EBED33B969}"
EndProject
Project("{9A19103F-16F7-4668-BE54-9A1E7A4F7556}") = "R5T.NG0010", "..\..\R5T.NG0010\source\R5T.NG0010\R5T.NG0010.csproj", "{EB83642B-28D7-4FA9-966A-ED7202D06D06}"
EndProject
Project("{9A19103F-16F7-4668-BE54-9A1E7A4F7556}") = "R5T.T0148", "..\..\R5T.T0148\source\R5T.T0148\R5T.T0148.csproj", "{A096762A-D178-44D1-AE2A-92A214E62127}"
EndProject
Project("{9A19103F-16F7-4668-BE54-9A1E7A4F7556}") = "R5T.T0150", "..\..\R5T.T0150\source\R5T.T0150\R5T.T0150.csproj", "{14097E3E-1691-4913-A46E-F189AD3F77DB}"
EndProject
Project("{9A19103F-16F7-4668-BE54-9A1E7A4F7556}") = "R5T.T0151", "..\..\R5T.T0151\source\R5T.T0151\R5T.T0151.csproj", "{174E67D8-76B9-4BF2-8692-6AE4A9DEB687}"
EndProject
Project("{9A19103F-16F7-4668-BE54-9A1E7A4F7556}") = "R5T.T0158.F000", "..\..\R5T.T0158\source\R5T.T0158.F000\R5T.T0158.F000.csproj", "{118798D1-6D41-4759-A5E3-8D54998AB35F}"
EndProject
Project("{9A19103F-16F7-4668-BE54-9A1E7A4F7556}") = "R5T.T0158.T000", "..\..\R5T.T0158\source\R5T.T0158.T000\R5T.T0158.T000.csproj", "{CD1E5CC2-63E0-4C3A-AE51-D042E8AE9534}"
EndProject
Project("{9A19103F-16F7-4668-BE54-9A1E7A4F7556}") = "R5T.T0158", "..\..\R5T.T0158\source\R5T.T0158\R5T.T0158.csproj", "{B31D55DC-5B14-4A87-B66C-3CB2BCBEA7DD}"
EndProject
Project("{9A19103F-16F7-4668-BE54-9A1E7A4F7556}") = "R5T.T0159.F000", "..\..\R5T.T0159\source\R5T.T0159.F000\R5T.T0159.F000.csproj", "{3E04CA31-7C40-4831-A341-9C2F4ADDC2B8}"
EndProject
Project("{9A19103F-16F7-4668-BE54-9A1E7A4F7556}") = "R5T.T0159", "..\..\R5T.T0159\source\R5T.T0159\R5T.T0159.csproj", "{9B62AA8B-C309-4C30-B455-0E6A05DE7291}"
EndProject
Project("{9A19103F-16F7-4668-BE54-9A1E7A4F7556}") = "R5T.T0161", "..\..\R5T.T0161\source\R5T.T0161\R5T.T0161.csproj", "{F54826F3-1844-4806-8C18-6D1F75413B4B}"
EndProject
Project("{9A19103F-16F7-4668-BE54-9A1E7A4F7556}") = "R5T.T0172", "..\..\R5T.T0172\source\R5T.T0172\R5T.T0172.csproj", "{AA439809-0365-4984-8C55-2C2EDA2A6337}"
EndProject
Project("{9A19103F-16F7-4668-BE54-9A1E7A4F7556}") = "R5T.T0184", "..\..\R5T.T0184\source\R5T.T0184\R5T.T0184.csproj", "{F7771183-B890-4D74-8354-B7962A2807D3}"
EndProject
Project("{9A19103F-16F7-4668-BE54-9A1E7A4F7556}") = "R5T.T0186", "..\..\R5T.T0186\source\R5T.T0186\R5T.T0186.csproj", "{3D0FF921-E321-412B-AC0E-D58FD3557754}"
EndProject
Project("{9A19103F-16F7-4668-BE54-9A1E7A4F7556}") = "R5T.T0187", "..\..\R5T.T0187\source\R5T.T0187\R5T.T0187.csproj", "{4986EAA6-F169-480F-802A-A535A1B383D1}"
EndProject
Project("{9A19103F-16F7-4668-BE54-9A1E7A4F7556}") = "R5T.T0196", "..\..\R5T.T0196\source\R5T.T0196\R5T.T0196.csproj", "{B23DA0F8-3675-45AC-B2D7-ED4374B24DA5}"
EndProject
Project("{9A19103F-16F7-4668-BE54-9A1E7A4F7556}") = "R5T.T0197", "..\..\R5T.T0197\source\R5T.T0197\R5T.T0197.csproj", "{366E3131-2832-48B9-8542-A68BE335D4AC}"
EndProject
Project("{9A19103F-16F7-4668-BE54-9A1E7A4F7556}") = "R5T.T0198", "..\..\R5T.T0198\source\R5T.T0198\R5T.T0198.csproj", "{D6CAFA4B-D580-40D2-A5AA-C6BB40EBE46C}"
EndProject
Project("{9A19103F-16F7-4668-BE54-9A1E7A4F7556}") = "R5T.T0200", "..\..\R5T.T0200\source\R5T.T0200\R5T.T0200.csproj", "{DF76972A-633E-46CA-8846-39CBA5EFE2B1}"
EndProject
Project("{9A19103F-16F7-4668-BE54-9A1E7A4F7556}") = "R5T.T0213", "..\..\R5T.T0213\source\R5T.T0213\R5T.T0213.csproj", "{38496A41-5C0D-4C57-BA39-96215EB62A39}"
EndProject
Project("{9A19103F-16F7-4668-BE54-9A1E7A4F7556}") = "R5T.T0214.Z001", "..\..\R5T.T0214\source\R5T.T0214.Z001\R5T.T0214.Z001.csproj", "{6978DD99-7C93-4F1C-A74E-3A89D3CD5815}"
EndProject
Project("{9A19103F-16F7-4668-BE54-9A1E7A4F7556}") = "R5T.T0214", "..\..\R5T.T0214\source\R5T.T0214\R5T.T0214.csproj", "{8FDD3542-1932-45FB-8B19-C9E6210008DA}"
EndProject
Project("{9A19103F-16F7-4668-BE54-9A1E7A4F7556}") = "R5T.T0215.Z000", "..\..\R5T.T0215\source\R5T.T0215.Z000\R5T.T0215.Z000.csproj", "{B2605D40-1A2F-4732-9968-894A724B934C}"
EndProject
Project("{9A19103F-16F7-4668-BE54-9A1E7A4F7556}") = "R5T.T0215", "..\..\R5T.T0215\source\R5T.T0215\R5T.T0215.csproj", "{00F53E87-8164-42EC-B12A-E879F0679CF9}"
EndProject
Project("{9A19103F-16F7-4668-BE54-9A1E7A4F7556}") = "R5T.T0216.F001", "..\..\R5T.T0216\source\R5T.T0216.F001\R5T.T0216.F001.csproj", "{F65D8E78-730E-4C53-B4BF-20E7F31EBA10}"
EndProject
Project("{9A19103F-16F7-4668-BE54-9A1E7A4F7556}") = "R5T.T0216", "..\..\R5T.T0216\source\R5T.T0216\R5T.T0216.csproj", "{8CF92F7D-10AA-4EE3-8430-E2FE48F618D4}"
EndProject
Project("{9A19103F-16F7-4668-BE54-9A1E7A4F7556}") = "R5T.T0217.F001", "..\..\R5T.T0217\source\R5T.T0217.F001\R5T.T0217.F001.csproj", "{412D66C8-F3DB-487E-AFCD-535B6C7839F5}"
EndProject
Project("{9A19103F-16F7-4668-BE54-9A1E7A4F7556}") = "R5T.T0217", "..\..\R5T.T0217\source\R5T.T0217\R5T.T0217.csproj", "{C0411AC9-60CF-4691-BFE0-2F4293D5FEE6}"
EndProject
Project("{9A19103F-16F7-4668-BE54-9A1E7A4F7556}") = "R5T.T0218", "..\..\R5T.T0218\source\R5T.T0218\R5T.T0218.csproj", "{4B88A31D-2F03-4B11-BBBC-B726919FE0E6}"
EndProject
Project("{9A19103F-16F7-4668-BE54-9A1E7A4F7556}") = "R5T.T0219", "..\..\R5T.T0219\source\R5T.T0219\R5T.T0219.csproj", "{B5E3C069-3581-43DB-B2A1-03F92E4AF3D6}"
EndProject
Project("{9A19103F-16F7-4668-BE54-9A1E7A4F7556}") = "R5T.T0224", "..\..\R5T.T0224\source\R5T.T0224\R5T.T0224.csproj", "{56734369-32C3-4504-A321-6D4A68B372AC}"
EndProject
Project("{9A19103F-16F7-4668-BE54-9A1E7A4F7556}") = "R5T.T0227", "..\..\R5T.T0227\source\R5T.T0227\R5T.T0227.csproj", "{A5A865DB-DC67-4F7A-BDB0-B1E7A7F4D380}"
EndProject
Project("{9A19103F-16F7-4668-BE54-9A1E7A4F7556}") = "R5T.Z0010", "..\..\R5T.Z0010\source\R5T.Z0010\R5T.Z0010.csproj", "{54B2C987-8E84-472B-BFD2-E838D31B12CB}"
EndProject
Project("{9A19103F-16F7-4668-BE54-9A1E7A4F7556}") = "R5T.Z0044.Z000", "..\..\R5T.Z0044\source\R5T.Z0044.Z000\R5T.Z0044.Z000.csproj", "{4993178F-CD28-41B3-A759-EE5532142B7B}"
EndProject
Project("{9A19103F-16F7-4668-BE54-9A1E7A4F7556}") = "R5T.Z0046.Platform", "..\..\R5T.Z0046\source\R5T.Z0046.Platform\R5T.Z0046.Platform.csproj", "{F6CF4812-E33D-4D66-A4D1-36096DCB41EE}"
EndProject
Project("{9A19103F-16F7-4668-BE54-9A1E7A4F7556}") = "R5T.Z0046", "..\..\R5T.Z0046\source\R5T.Z0046\R5T.Z0046.csproj", "{FC612E84-B6BA-49BE-B429-0218CE90C36D}"
EndProject
Project("{9A19103F-16F7-4668-BE54-9A1E7A4F7556}") = "R5T.Z0057.Platform", "..\..\R5T.Z0057\source\R5T.Z0057.Platform\R5T.Z0057.Platform.csproj", "{0C5C6B8B-F580-4B8B-BD32-09BF8B5DA0E7}"
EndProject
Project("{9A19103F-16F7-4668-BE54-9A1E7A4F7556}") = "R5T.Z0057", "..\..\R5T.Z0057\source\R5T.Z0057\R5T.Z0057.csproj", "{7DBED0D0-B8F8-451C-9BBE-0FE83DD1A792}"
EndProject
Project("{9A19103F-16F7-4668-BE54-9A1E7A4F7556}") = "R5T.Z0058", "..\..\R5T.Z0058\source\R5T.Z0058\R5T.Z0058.csproj", "{84D08B7F-80BD-4EFF-8CDF-541007C793DF}"
EndProject
Project("{9A19103F-16F7-4668-BE54-9A1E7A4F7556}") = "R5T.Z0063.Platform", "..\..\R5T.Z0063\source\R5T.Z0063.Platform\R5T.Z0063.Platform.csproj", "{910ECA04-1D68-4A0C-9675-2FEB27EDA9DC}"
EndProject
Project("{9A19103F-16F7-4668-BE54-9A1E7A4F7556}") = "R5T.Z0063", "..\..\R5T.Z0063\source\R5T.Z0063\R5T.Z0063.csproj", "{41BE9F5C-ABDA-440D-B10D-53AEB1F02BFE}"
EndProject
Global
	GlobalSection(NestedProjects) = preSolution
		{E8C1CA06-9046-481A-9A84-47BD1C0A03EB} = {40F88856-467F-4A1F-97CC-6437289DB92B}
		{0AF9FA7B-FD0E-4852-8536-9941800B0B3B} = {40F88856-467F-4A1F-97CC-6437289DB92B}
		{17E6D348-2E08-443B-8E05-E7ED3CF4BB07} = {40F88856-467F-4A1F-97CC-6437289DB92B}
		{E20A0549-29EB-4E4F-9B51-EB446523BC5F} = {40F88856-467F-4A1F-97CC-6437289DB92B}
		{877CC3E5-C30C-4D98-BD24-20F9BF5227FA} = {40F88856-467F-4A1F-97CC-6437289DB92B}
		{B43FCDC6-0DB2-4ACC-8590-EA8E136F5538} = {40F88856-467F-4A1F-97CC-6437289DB92B}
		{4E077B2C-0E27-4365-8F42-8091AFE81DAC} = {40F88856-467F-4A1F-97CC-6437289DB92B}
		{A1690706-9556-4D8C-8C58-A33424467C11} = {40F88856-467F-4A1F-97CC-6437289DB92B}
		{968B79F7-D7A8-4E60-82BD-02D6622B3BDA} = {40F88856-467F-4A1F-97CC-6437289DB92B}
		{AF63C3D5-9B90-46CB-BDEF-353B97F0B8A3} = {40F88856-467F-4A1F-97CC-6437289DB92B}
		{77C3E2EB-C2E9-4596-BE65-01F788041E75} = {40F88856-467F-4A1F-97CC-6437289DB92B}
		{C0259313-E1FA-48B5-8B3A-68685C5ACFB9} = {40F88856-467F-4A1F-97CC-6437289DB92B}
		{79D2C7D6-D544-4DC9-B1B5-FA9B3BD859B4} = {40F88856-467F-4A1F-97CC-6437289DB92B}
		{6660E418-8939-4336-870F-6C4F14E3B607} = {40F88856-467F-4A1F-97CC-6437289DB92B}
		{50DAA580-EFDF-461D-B95B-0771C79B3BED} = {40F88856-467F-4A1F-97CC-6437289DB92B}
		{B42EE285-221D-4F0F-BA53-647F9EC59AAB} = {40F88856-467F-4A1F-97CC-6437289DB92B}
		{4A606A55-EC6F-45EE-A1AA-08FAA2B32C3C} = {40F88856-467F-4A1F-97CC-6437289DB92B}
		{E04523C0-26DF-4915-A243-C42DE991B1E9} = {40F88856-467F-4A1F-97CC-6437289DB92B}
		{E2FD247A-C884-40ED-ADC4-CD24B81CC388} = {40F88856-467F-4A1F-97CC-6437289DB92B}
		{8588144D-7BEE-495F-B23B-8F959A758DF9} = {40F88856-467F-4A1F-97CC-6437289DB92B}
		{BC4D14BD-0005-4897-B000-4E89C89CA572} = {40F88856-467F-4A1F-97CC-6437289DB92B}
		{54C6CF7F-2088-4F5B-B366-485193164220} = {40F88856-467F-4A1F-97CC-6437289DB92B}
		{411EB33A-CB85-439C-9097-C6BDF100830A} = {40F88856-467F-4A1F-97CC-6437289DB92B}
		{50B8A07E-8752-4DC3-83A3-2DBB2B112A85} = {40F88856-467F-4A1F-97CC-6437289DB92B}
		{54B59BE5-D900-4D36-8189-BEC7D2F59D0C} = {40F88856-467F-4A1F-97CC-6437289DB92B}
		{8B02E188-F428-4355-A2BD-8A83C7D80E4D} = {40F88856-467F-4A1F-97CC-6437289DB92B}
		{1353BC6F-6655-4AD6-BA31-936A254B49E0} = {40F88856-467F-4A1F-97CC-6437289DB92B}
		{D9DF72F2-4D54-4139-B45D-0B4FC96B6BEB} = {40F88856-467F-4A1F-97CC-6437289DB92B}
		{E72B01EA-DAF4-4565-B1D1-90769D2260B7} = {40F88856-467F-4A1F-97CC-6437289DB92B}
		{7DABD282-96C9-4A31-981B-81DD7638613A} = {40F88856-467F-4A1F-97CC-6437289DB92B}
		{F3F8D959-009D-4C78-B4C5-7DD056748D31} = {40F88856-467F-4A1F-97CC-6437289DB92B}
		{B968885F-A57A-4A32-A593-EA05A3FB8E56} = {40F88856-467F-4A1F-97CC-6437289DB92B}
		{5F603C0B-FFF6-436A-92C5-277BBE9ADB32} = {40F88856-467F-4A1F-97CC-6437289DB92B}
		{8C2FCBF4-997F-4AC4-BF5B-007B2C041C49} = {40F88856-467F-4A1F-97CC-6437289DB92B}
		{D319986C-1334-4095-8BF6-668ABEE21FAD} = {40F88856-467F-4A1F-97CC-6437289DB92B}
		{479C575B-A4CF-444B-A405-64B5E1D59541} = {40F88856-467F-4A1F-97CC-6437289DB92B}
		{20E0E0D2-F53A-44D7-A86A-1A6D1D96C4AE} = {40F88856-467F-4A1F-97CC-6437289DB92B}
		{A82CC234-B615-4B36-BB86-41A653855B95} = {40F88856-467F-4A1F-97CC-6437289DB92B}
		{F511D5BB-4413-4505-94DB-7A29D7E04AA9} = {40F88856-467F-4A1F-97CC-6437289DB92B}
		{AAB2C935-3A5C-4515-A4F9-B4FF7DD0BDEE} = {40F88856-467F-4A1F-97CC-6437289DB92B}
		{5C6E07CD-A596-45D7-9E3C-76200692826E} = {40F88856-467F-4A1F-97CC-6437289DB92B}
		{4ADE73C2-F52B-4E86-AD05-19ECC18576C4} = {40F88856-467F-4A1F-97CC-6437289DB92B}
		{1B203EC1-C899-4023-8E21-6CAA2B46A572} = {40F88856-467F-4A1F-97CC-6437289DB92B}
		{5EBF8E5B-337B-49D1-BBF3-E123C9C1B18B} = {40F88856-467F-4A1F-97CC-6437289DB92B}
		{ECC3D039-F610-49C7-8D10-0C7948E5ABF6} = {40F88856-467F-4A1F-97CC-6437289DB92B}
		{9B081959-05B2-4DE2-8965-523A7970B603} = {40F88856-467F-4A1F-97CC-6437289DB92B}
		{AA9D823B-2F0C-45A7-82BC-69CB09593CBA} = {40F88856-467F-4A1F-97CC-6437289DB92B}
		{2A3E6AD8-BD22-49A4-B0ED-4BA1544296A0} = {40F88856-467F-4A1F-97CC-6437289DB92B}
		{67D92C25-4109-4371-BA19-DB7211AF7328} = {40F88856-467F-4A1F-97CC-6437289DB92B}
		{B99FF7F1-B48E-4744-8252-A1F3132FA350} = {40F88856-467F-4A1F-97CC-6437289DB92B}
		{F8A2D63C-0841-44D0-80A8-2D05B09C6DD5} = {40F88856-467F-4A1F-97CC-6437289DB92B}
		{7F93B0F3-9C53-49AF-9FE8-E9F8B372C1AD} = {40F88856-467F-4A1F-97CC-6437289DB92B}
		{F7D7D850-3BAB-418F-AA45-D4EBED33B969} = {40F88856-467F-4A1F-97CC-6437289DB92B}
		{EB83642B-28D7-4FA9-966A-ED7202D06D06} = {40F88856-467F-4A1F-97CC-6437289DB92B}
		{A096762A-D178-44D1-AE2A-92A214E62127} = {40F88856-467F-4A1F-97CC-6437289DB92B}
		{14097E3E-1691-4913-A46E-F189AD3F77DB} = {40F88856-467F-4A1F-97CC-6437289DB92B}
		{174E67D8-76B9-4BF2-8692-6AE4A9DEB687} = {40F88856-467F-4A1F-97CC-6437289DB92B}
		{118798D1-6D41-4759-A5E3-8D54998AB35F} = {40F88856-467F-4A1F-97CC-6437289DB92B}
		{CD1E5CC2-63E0-4C3A-AE51-D042E8AE9534} = {40F88856-467F-4A1F-97CC-6437289DB92B}
		{B31D55DC-5B14-4A87-B66C-3CB2BCBEA7DD} = {40F88856-467F-4A1F-97CC-6437289DB92B}
		{3E04CA31-7C40-4831-A341-9C2F4ADDC2B8} = {40F88856-467F-4A1F-97CC-6437289DB92B}
		{9B62AA8B-C309-4C30-B455-0E6A05DE7291} = {40F88856-467F-4A1F-97CC-6437289DB92B}
		{F54826F3-1844-4806-8C18-6D1F75413B4B} = {40F88856-467F-4A1F-97CC-6437289DB92B}
		{AA439809-0365-4984-8C55-2C2EDA2A6337} = {40F88856-467F-4A1F-97CC-6437289DB92B}
		{F7771183-B890-4D74-8354-B7962A2807D3} = {40F88856-467F-4A1F-97CC-6437289DB92B}
		{3D0FF921-E321-412B-AC0E-D58FD3557754} = {40F88856-467F-4A1F-97CC-6437289DB92B}
		{4986EAA6-F169-480F-802A-A535A1B383D1} = {40F88856-467F-4A1F-97CC-6437289DB92B}
		{B23DA0F8-3675-45AC-B2D7-ED4374B24DA5} = {40F88856-467F-4A1F-97CC-6437289DB92B}
		{366E3131-2832-48B9-8542-A68BE335D4AC} = {40F88856-467F-4A1F-97CC-6437289DB92B}
		{D6CAFA4B-D580-40D2-A5AA-C6BB40EBE46C} = {40F88856-467F-4A1F-97CC-6437289DB92B}
		{DF76972A-633E-46CA-8846-39CBA5EFE2B1} = {40F88856-467F-4A1F-97CC-6437289DB92B}
		{38496A41-5C0D-4C57-BA39-96215EB62A39} = {40F88856-467F-4A1F-97CC-6437289DB92B}
		{6978DD99-7C93-4F1C-A74E-3A89D3CD5815} = {40F88856-467F-4A1F-97CC-6437289DB92B}
		{8FDD3542-1932-45FB-8B19-C9E6210008DA} = {40F88856-467F-4A1F-97CC-6437289DB92B}
		{B2605D40-1A2F-4732-9968-894A724B934C} = {40F88856-467F-4A1F-97CC-6437289DB92B}
		{00F53E87-8164-42EC-B12A-E879F0679CF9} = {40F88856-467F-4A1F-97CC-6437289DB92B}
		{F65D8E78-730E-4C53-B4BF-20E7F31EBA10} = {40F88856-467F-4A1F-97CC-6437289DB92B}
		{8CF92F7D-10AA-4EE3-8430-E2FE48F618D4} = {40F88856-467F-4A1F-97CC-6437289DB92B}
		{412D66C8-F3DB-487E-AFCD-535B6C7839F5} = {40F88856-467F-4A1F-97CC-6437289DB92B}
		{C0411AC9-60CF-4691-BFE0-2F4293D5FEE6} = {40F88856-467F-4A1F-97CC-6437289DB92B}
		{4B88A31D-2F03-4B11-BBBC-B726919FE0E6} = {40F88856-467F-4A1F-97CC-6437289DB92B}
		{B5E3C069-3581-43DB-B2A1-03F92E4AF3D6} = {40F88856-467F-4A1F-97CC-6437289DB92B}
		{56734369-32C3-4504-A321-6D4A68B372AC} = {40F88856-467F-4A1F-97CC-6437289DB92B}
		{A5A865DB-DC67-4F7A-BDB0-B1E7A7F4D380} = {40F88856-467F-4A1F-97CC-6437289DB92B}
		{54B2C987-8E84-472B-BFD2-E838D31B12CB} = {40F88856-467F-4A1F-97CC-6437289DB92B}
		{4993178F-CD28-41B3-A759-EE5532142B7B} = {40F88856-467F-4A1F-97CC-6437289DB92B}
		{F6CF4812-E33D-4D66-A4D1-36096DCB41EE} = {40F88856-467F-4A1F-97CC-6437289DB92B}
		{FC612E84-B6BA-49BE-B429-0218CE90C36D} = {40F88856-467F-4A1F-97CC-6437289DB92B}
		{0C5C6B8B-F580-4B8B-BD32-09BF8B5DA0E7} = {40F88856-467F-4A1F-97CC-6437289DB92B}
		{7DBED0D0-B8F8-451C-9BBE-0FE83DD1A792} = {40F88856-467F-4A1F-97CC-6437289DB92B}
		{84D08B7F-80BD-4EFF-8CDF-541007C793DF} = {40F88856-467F-4A1F-97CC-6437289DB92B}
		{910ECA04-1D68-4A0C-9675-2FEB27EDA9DC} = {40F88856-467F-4A1F-97CC-6437289DB92B}
		{41BE9F5C-ABDA-440D-B10D-53AEB1F02BFE} = {40F88856-467F-4A1F-97CC-6437289DB92B}
	EndGlobalSection
	GlobalSection(SolutionConfigurationPlatforms) = preSolution
		Debug|Any CPU = Debug|Any CPU
		Release|Any CPU = Release|Any CPU
	EndGlobalSection
	GlobalSection(ProjectConfigurationPlatforms) = postSolution
		{F2AD77AF-03DC-41E6-AAD4-05C49301DE62}.Debug|Any CPU.ActiveCfg = Debug|Any CPU
		{F2AD77AF-03DC-41E6-AAD4-05C49301DE62}.Debug|Any CPU.Build.0 = Debug|Any CPU
		{F2AD77AF-03DC-41E6-AAD4-05C49301DE62}.Release|Any CPU.ActiveCfg = Release|Any CPU
		{F2AD77AF-03DC-41E6-AAD4-05C49301DE62}.Release|Any CPU.Build.0 = Release|Any CPU
		{E8C1CA06-9046-481A-9A84-47BD1C0A03EB}.Debug|Any CPU.ActiveCfg = Debug|Any CPU
		{E8C1CA06-9046-481A-9A84-47BD1C0A03EB}.Debug|Any CPU.Build.0 = Debug|Any CPU
		{E8C1CA06-9046-481A-9A84-47BD1C0A03EB}.Release|Any CPU.ActiveCfg = Release|Any CPU
		{E8C1CA06-9046-481A-9A84-47BD1C0A03EB}.Release|Any CPU.Build.0 = Release|Any CPU
		{0AF9FA7B-FD0E-4852-8536-9941800B0B3B}.Debug|Any CPU.ActiveCfg = Debug|Any CPU
		{0AF9FA7B-FD0E-4852-8536-9941800B0B3B}.Debug|Any CPU.Build.0 = Debug|Any CPU
		{0AF9FA7B-FD0E-4852-8536-9941800B0B3B}.Release|Any CPU.ActiveCfg = Release|Any CPU
		{0AF9FA7B-FD0E-4852-8536-9941800B0B3B}.Release|Any CPU.Build.0 = Release|Any CPU
		{17E6D348-2E08-443B-8E05-E7ED3CF4BB07}.Debug|Any CPU.ActiveCfg = Debug|Any CPU
		{17E6D348-2E08-443B-8E05-E7ED3CF4BB07}.Debug|Any CPU.Build.0 = Debug|Any CPU
		{17E6D348-2E08-443B-8E05-E7ED3CF4BB07}.Release|Any CPU.ActiveCfg = Release|Any CPU
		{17E6D348-2E08-443B-8E05-E7ED3CF4BB07}.Release|Any CPU.Build.0 = Release|Any CPU
		{E20A0549-29EB-4E4F-9B51-EB446523BC5F}.Debug|Any CPU.ActiveCfg = Debug|Any CPU
		{E20A0549-29EB-4E4F-9B51-EB446523BC5F}.Debug|Any CPU.Build.0 = Debug|Any CPU
		{E20A0549-29EB-4E4F-9B51-EB446523BC5F}.Release|Any CPU.ActiveCfg = Release|Any CPU
		{E20A0549-29EB-4E4F-9B51-EB446523BC5F}.Release|Any CPU.Build.0 = Release|Any CPU
		{877CC3E5-C30C-4D98-BD24-20F9BF5227FA}.Debug|Any CPU.ActiveCfg = Debug|Any CPU
		{877CC3E5-C30C-4D98-BD24-20F9BF5227FA}.Debug|Any CPU.Build.0 = Debug|Any CPU
		{877CC3E5-C30C-4D98-BD24-20F9BF5227FA}.Release|Any CPU.ActiveCfg = Release|Any CPU
		{877CC3E5-C30C-4D98-BD24-20F9BF5227FA}.Release|Any CPU.Build.0 = Release|Any CPU
		{B43FCDC6-0DB2-4ACC-8590-EA8E136F5538}.Debug|Any CPU.ActiveCfg = Debug|Any CPU
		{B43FCDC6-0DB2-4ACC-8590-EA8E136F5538}.Debug|Any CPU.Build.0 = Debug|Any CPU
		{B43FCDC6-0DB2-4ACC-8590-EA8E136F5538}.Release|Any CPU.ActiveCfg = Release|Any CPU
		{B43FCDC6-0DB2-4ACC-8590-EA8E136F5538}.Release|Any CPU.Build.0 = Release|Any CPU
		{4E077B2C-0E27-4365-8F42-8091AFE81DAC}.Debug|Any CPU.ActiveCfg = Debug|Any CPU
		{4E077B2C-0E27-4365-8F42-8091AFE81DAC}.Debug|Any CPU.Build.0 = Debug|Any CPU
		{4E077B2C-0E27-4365-8F42-8091AFE81DAC}.Release|Any CPU.ActiveCfg = Release|Any CPU
		{4E077B2C-0E27-4365-8F42-8091AFE81DAC}.Release|Any CPU.Build.0 = Release|Any CPU
		{A1690706-9556-4D8C-8C58-A33424467C11}.Debug|Any CPU.ActiveCfg = Debug|Any CPU
		{A1690706-9556-4D8C-8C58-A33424467C11}.Debug|Any CPU.Build.0 = Debug|Any CPU
		{A1690706-9556-4D8C-8C58-A33424467C11}.Release|Any CPU.ActiveCfg = Release|Any CPU
		{A1690706-9556-4D8C-8C58-A33424467C11}.Release|Any CPU.Build.0 = Release|Any CPU
		{968B79F7-D7A8-4E60-82BD-02D6622B3BDA}.Debug|Any CPU.ActiveCfg = Debug|Any CPU
		{968B79F7-D7A8-4E60-82BD-02D6622B3BDA}.Debug|Any CPU.Build.0 = Debug|Any CPU
		{968B79F7-D7A8-4E60-82BD-02D6622B3BDA}.Release|Any CPU.ActiveCfg = Release|Any CPU
		{968B79F7-D7A8-4E60-82BD-02D6622B3BDA}.Release|Any CPU.Build.0 = Release|Any CPU
		{AF63C3D5-9B90-46CB-BDEF-353B97F0B8A3}.Debug|Any CPU.ActiveCfg = Debug|Any CPU
		{AF63C3D5-9B90-46CB-BDEF-353B97F0B8A3}.Debug|Any CPU.Build.0 = Debug|Any CPU
		{AF63C3D5-9B90-46CB-BDEF-353B97F0B8A3}.Release|Any CPU.ActiveCfg = Release|Any CPU
		{AF63C3D5-9B90-46CB-BDEF-353B97F0B8A3}.Release|Any CPU.Build.0 = Release|Any CPU
		{77C3E2EB-C2E9-4596-BE65-01F788041E75}.Debug|Any CPU.ActiveCfg = Debug|Any CPU
		{77C3E2EB-C2E9-4596-BE65-01F788041E75}.Debug|Any CPU.Build.0 = Debug|Any CPU
		{77C3E2EB-C2E9-4596-BE65-01F788041E75}.Release|Any CPU.ActiveCfg = Release|Any CPU
		{77C3E2EB-C2E9-4596-BE65-01F788041E75}.Release|Any CPU.Build.0 = Release|Any CPU
		{C0259313-E1FA-48B5-8B3A-68685C5ACFB9}.Debug|Any CPU.ActiveCfg = Debug|Any CPU
		{C0259313-E1FA-48B5-8B3A-68685C5ACFB9}.Debug|Any CPU.Build.0 = Debug|Any CPU
		{C0259313-E1FA-48B5-8B3A-68685C5ACFB9}.Release|Any CPU.ActiveCfg = Release|Any CPU
		{C0259313-E1FA-48B5-8B3A-68685C5ACFB9}.Release|Any CPU.Build.0 = Release|Any CPU
		{79D2C7D6-D544-4DC9-B1B5-FA9B3BD859B4}.Debug|Any CPU.ActiveCfg = Debug|Any CPU
		{79D2C7D6-D544-4DC9-B1B5-FA9B3BD859B4}.Debug|Any CPU.Build.0 = Debug|Any CPU
		{79D2C7D6-D544-4DC9-B1B5-FA9B3BD859B4}.Release|Any CPU.ActiveCfg = Release|Any CPU
		{79D2C7D6-D544-4DC9-B1B5-FA9B3BD859B4}.Release|Any CPU.Build.0 = Release|Any CPU
		{6660E418-8939-4336-870F-6C4F14E3B607}.Debug|Any CPU.ActiveCfg = Debug|Any CPU
		{6660E418-8939-4336-870F-6C4F14E3B607}.Debug|Any CPU.Build.0 = Debug|Any CPU
		{6660E418-8939-4336-870F-6C4F14E3B607}.Release|Any CPU.ActiveCfg = Release|Any CPU
		{6660E418-8939-4336-870F-6C4F14E3B607}.Release|Any CPU.Build.0 = Release|Any CPU
		{50DAA580-EFDF-461D-B95B-0771C79B3BED}.Debug|Any CPU.ActiveCfg = Debug|Any CPU
		{50DAA580-EFDF-461D-B95B-0771C79B3BED}.Debug|Any CPU.Build.0 = Debug|Any CPU
		{50DAA580-EFDF-461D-B95B-0771C79B3BED}.Release|Any CPU.ActiveCfg = Release|Any CPU
		{50DAA580-EFDF-461D-B95B-0771C79B3BED}.Release|Any CPU.Build.0 = Release|Any CPU
		{B42EE285-221D-4F0F-BA53-647F9EC59AAB}.Debug|Any CPU.ActiveCfg = Debug|Any CPU
		{B42EE285-221D-4F0F-BA53-647F9EC59AAB}.Debug|Any CPU.Build.0 = Debug|Any CPU
		{B42EE285-221D-4F0F-BA53-647F9EC59AAB}.Release|Any CPU.ActiveCfg = Release|Any CPU
		{B42EE285-221D-4F0F-BA53-647F9EC59AAB}.Release|Any CPU.Build.0 = Release|Any CPU
		{4A606A55-EC6F-45EE-A1AA-08FAA2B32C3C}.Debug|Any CPU.ActiveCfg = Debug|Any CPU
		{4A606A55-EC6F-45EE-A1AA-08FAA2B32C3C}.Debug|Any CPU.Build.0 = Debug|Any CPU
		{4A606A55-EC6F-45EE-A1AA-08FAA2B32C3C}.Release|Any CPU.ActiveCfg = Release|Any CPU
		{4A606A55-EC6F-45EE-A1AA-08FAA2B32C3C}.Release|Any CPU.Build.0 = Release|Any CPU
		{E04523C0-26DF-4915-A243-C42DE991B1E9}.Debug|Any CPU.ActiveCfg = Debug|Any CPU
		{E04523C0-26DF-4915-A243-C42DE991B1E9}.Debug|Any CPU.Build.0 = Debug|Any CPU
		{E04523C0-26DF-4915-A243-C42DE991B1E9}.Release|Any CPU.ActiveCfg = Release|Any CPU
		{E04523C0-26DF-4915-A243-C42DE991B1E9}.Release|Any CPU.Build.0 = Release|Any CPU
		{E2FD247A-C884-40ED-ADC4-CD24B81CC388}.Debug|Any CPU.ActiveCfg = Debug|Any CPU
		{E2FD247A-C884-40ED-ADC4-CD24B81CC388}.Debug|Any CPU.Build.0 = Debug|Any CPU
		{E2FD247A-C884-40ED-ADC4-CD24B81CC388}.Release|Any CPU.ActiveCfg = Release|Any CPU
		{E2FD247A-C884-40ED-ADC4-CD24B81CC388}.Release|Any CPU.Build.0 = Release|Any CPU
		{8588144D-7BEE-495F-B23B-8F959A758DF9}.Debug|Any CPU.ActiveCfg = Debug|Any CPU
		{8588144D-7BEE-495F-B23B-8F959A758DF9}.Debug|Any CPU.Build.0 = Debug|Any CPU
		{8588144D-7BEE-495F-B23B-8F959A758DF9}.Release|Any CPU.ActiveCfg = Release|Any CPU
		{8588144D-7BEE-495F-B23B-8F959A758DF9}.Release|Any CPU.Build.0 = Release|Any CPU
		{BC4D14BD-0005-4897-B000-4E89C89CA572}.Debug|Any CPU.ActiveCfg = Debug|Any CPU
		{BC4D14BD-0005-4897-B000-4E89C89CA572}.Debug|Any CPU.Build.0 = Debug|Any CPU
		{BC4D14BD-0005-4897-B000-4E89C89CA572}.Release|Any CPU.ActiveCfg = Release|Any CPU
		{BC4D14BD-0005-4897-B000-4E89C89CA572}.Release|Any CPU.Build.0 = Release|Any CPU
		{54C6CF7F-2088-4F5B-B366-485193164220}.Debug|Any CPU.ActiveCfg = Debug|Any CPU
		{54C6CF7F-2088-4F5B-B366-485193164220}.Debug|Any CPU.Build.0 = Debug|Any CPU
		{54C6CF7F-2088-4F5B-B366-485193164220}.Release|Any CPU.ActiveCfg = Release|Any CPU
		{54C6CF7F-2088-4F5B-B366-485193164220}.Release|Any CPU.Build.0 = Release|Any CPU
		{411EB33A-CB85-439C-9097-C6BDF100830A}.Debug|Any CPU.ActiveCfg = Debug|Any CPU
		{411EB33A-CB85-439C-9097-C6BDF100830A}.Debug|Any CPU.Build.0 = Debug|Any CPU
		{411EB33A-CB85-439C-9097-C6BDF100830A}.Release|Any CPU.ActiveCfg = Release|Any CPU
		{411EB33A-CB85-439C-9097-C6BDF100830A}.Release|Any CPU.Build.0 = Release|Any CPU
		{50B8A07E-8752-4DC3-83A3-2DBB2B112A85}.Debug|Any CPU.ActiveCfg = Debug|Any CPU
		{50B8A07E-8752-4DC3-83A3-2DBB2B112A85}.Debug|Any CPU.Build.0 = Debug|Any CPU
		{50B8A07E-8752-4DC3-83A3-2DBB2B112A85}.Release|Any CPU.ActiveCfg = Release|Any CPU
		{50B8A07E-8752-4DC3-83A3-2DBB2B112A85}.Release|Any CPU.Build.0 = Release|Any CPU
		{54B59BE5-D900-4D36-8189-BEC7D2F59D0C}.Debug|Any CPU.ActiveCfg = Debug|Any CPU
		{54B59BE5-D900-4D36-8189-BEC7D2F59D0C}.Debug|Any CPU.Build.0 = Debug|Any CPU
		{54B59BE5-D900-4D36-8189-BEC7D2F59D0C}.Release|Any CPU.ActiveCfg = Release|Any CPU
		{54B59BE5-D900-4D36-8189-BEC7D2F59D0C}.Release|Any CPU.Build.0 = Release|Any CPU
		{8B02E188-F428-4355-A2BD-8A83C7D80E4D}.Debug|Any CPU.ActiveCfg = Debug|Any CPU
		{8B02E188-F428-4355-A2BD-8A83C7D80E4D}.Debug|Any CPU.Build.0 = Debug|Any CPU
		{8B02E188-F428-4355-A2BD-8A83C7D80E4D}.Release|Any CPU.ActiveCfg = Release|Any CPU
		{8B02E188-F428-4355-A2BD-8A83C7D80E4D}.Release|Any CPU.Build.0 = Release|Any CPU
		{1353BC6F-6655-4AD6-BA31-936A254B49E0}.Debug|Any CPU.ActiveCfg = Debug|Any CPU
		{1353BC6F-6655-4AD6-BA31-936A254B49E0}.Debug|Any CPU.Build.0 = Debug|Any CPU
		{1353BC6F-6655-4AD6-BA31-936A254B49E0}.Release|Any CPU.ActiveCfg = Release|Any CPU
		{1353BC6F-6655-4AD6-BA31-936A254B49E0}.Release|Any CPU.Build.0 = Release|Any CPU
		{D9DF72F2-4D54-4139-B45D-0B4FC96B6BEB}.Debug|Any CPU.ActiveCfg = Debug|Any CPU
		{D9DF72F2-4D54-4139-B45D-0B4FC96B6BEB}.Debug|Any CPU.Build.0 = Debug|Any CPU
		{D9DF72F2-4D54-4139-B45D-0B4FC96B6BEB}.Release|Any CPU.ActiveCfg = Release|Any CPU
		{D9DF72F2-4D54-4139-B45D-0B4FC96B6BEB}.Release|Any CPU.Build.0 = Release|Any CPU
		{E72B01EA-DAF4-4565-B1D1-90769D2260B7}.Debug|Any CPU.ActiveCfg = Debug|Any CPU
		{E72B01EA-DAF4-4565-B1D1-90769D2260B7}.Debug|Any CPU.Build.0 = Debug|Any CPU
		{E72B01EA-DAF4-4565-B1D1-90769D2260B7}.Release|Any CPU.ActiveCfg = Release|Any CPU
		{E72B01EA-DAF4-4565-B1D1-90769D2260B7}.Release|Any CPU.Build.0 = Release|Any CPU
		{7DABD282-96C9-4A31-981B-81DD7638613A}.Debug|Any CPU.ActiveCfg = Debug|Any CPU
		{7DABD282-96C9-4A31-981B-81DD7638613A}.Debug|Any CPU.Build.0 = Debug|Any CPU
		{7DABD282-96C9-4A31-981B-81DD7638613A}.Release|Any CPU.ActiveCfg = Release|Any CPU
		{7DABD282-96C9-4A31-981B-81DD7638613A}.Release|Any CPU.Build.0 = Release|Any CPU
		{F3F8D959-009D-4C78-B4C5-7DD056748D31}.Debug|Any CPU.ActiveCfg = Debug|Any CPU
		{F3F8D959-009D-4C78-B4C5-7DD056748D31}.Debug|Any CPU.Build.0 = Debug|Any CPU
		{F3F8D959-009D-4C78-B4C5-7DD056748D31}.Release|Any CPU.ActiveCfg = Release|Any CPU
		{F3F8D959-009D-4C78-B4C5-7DD056748D31}.Release|Any CPU.Build.0 = Release|Any CPU
		{B968885F-A57A-4A32-A593-EA05A3FB8E56}.Debug|Any CPU.ActiveCfg = Debug|Any CPU
		{B968885F-A57A-4A32-A593-EA05A3FB8E56}.Debug|Any CPU.Build.0 = Debug|Any CPU
		{B968885F-A57A-4A32-A593-EA05A3FB8E56}.Release|Any CPU.ActiveCfg = Release|Any CPU
		{B968885F-A57A-4A32-A593-EA05A3FB8E56}.Release|Any CPU.Build.0 = Release|Any CPU
		{5F603C0B-FFF6-436A-92C5-277BBE9ADB32}.Debug|Any CPU.ActiveCfg = Debug|Any CPU
		{5F603C0B-FFF6-436A-92C5-277BBE9ADB32}.Debug|Any CPU.Build.0 = Debug|Any CPU
		{5F603C0B-FFF6-436A-92C5-277BBE9ADB32}.Release|Any CPU.ActiveCfg = Release|Any CPU
		{5F603C0B-FFF6-436A-92C5-277BBE9ADB32}.Release|Any CPU.Build.0 = Release|Any CPU
		{8C2FCBF4-997F-4AC4-BF5B-007B2C041C49}.Debug|Any CPU.ActiveCfg = Debug|Any CPU
		{8C2FCBF4-997F-4AC4-BF5B-007B2C041C49}.Debug|Any CPU.Build.0 = Debug|Any CPU
		{8C2FCBF4-997F-4AC4-BF5B-007B2C041C49}.Release|Any CPU.ActiveCfg = Release|Any CPU
		{8C2FCBF4-997F-4AC4-BF5B-007B2C041C49}.Release|Any CPU.Build.0 = Release|Any CPU
		{D319986C-1334-4095-8BF6-668ABEE21FAD}.Debug|Any CPU.ActiveCfg = Debug|Any CPU
		{D319986C-1334-4095-8BF6-668ABEE21FAD}.Debug|Any CPU.Build.0 = Debug|Any CPU
		{D319986C-1334-4095-8BF6-668ABEE21FAD}.Release|Any CPU.ActiveCfg = Release|Any CPU
		{D319986C-1334-4095-8BF6-668ABEE21FAD}.Release|Any CPU.Build.0 = Release|Any CPU
		{479C575B-A4CF-444B-A405-64B5E1D59541}.Debug|Any CPU.ActiveCfg = Debug|Any CPU
		{479C575B-A4CF-444B-A405-64B5E1D59541}.Debug|Any CPU.Build.0 = Debug|Any CPU
		{479C575B-A4CF-444B-A405-64B5E1D59541}.Release|Any CPU.ActiveCfg = Release|Any CPU
		{479C575B-A4CF-444B-A405-64B5E1D59541}.Release|Any CPU.Build.0 = Release|Any CPU
		{20E0E0D2-F53A-44D7-A86A-1A6D1D96C4AE}.Debug|Any CPU.ActiveCfg = Debug|Any CPU
		{20E0E0D2-F53A-44D7-A86A-1A6D1D96C4AE}.Debug|Any CPU.Build.0 = Debug|Any CPU
		{20E0E0D2-F53A-44D7-A86A-1A6D1D96C4AE}.Release|Any CPU.ActiveCfg = Release|Any CPU
		{20E0E0D2-F53A-44D7-A86A-1A6D1D96C4AE}.Release|Any CPU.Build.0 = Release|Any CPU
		{A82CC234-B615-4B36-BB86-41A653855B95}.Debug|Any CPU.ActiveCfg = Debug|Any CPU
		{A82CC234-B615-4B36-BB86-41A653855B95}.Debug|Any CPU.Build.0 = Debug|Any CPU
		{A82CC234-B615-4B36-BB86-41A653855B95}.Release|Any CPU.ActiveCfg = Release|Any CPU
		{A82CC234-B615-4B36-BB86-41A653855B95}.Release|Any CPU.Build.0 = Release|Any CPU
		{F511D5BB-4413-4505-94DB-7A29D7E04AA9}.Debug|Any CPU.ActiveCfg = Debug|Any CPU
		{F511D5BB-4413-4505-94DB-7A29D7E04AA9}.Debug|Any CPU.Build.0 = Debug|Any CPU
		{F511D5BB-4413-4505-94DB-7A29D7E04AA9}.Release|Any CPU.ActiveCfg = Release|Any CPU
		{F511D5BB-4413-4505-94DB-7A29D7E04AA9}.Release|Any CPU.Build.0 = Release|Any CPU
		{AAB2C935-3A5C-4515-A4F9-B4FF7DD0BDEE}.Debug|Any CPU.ActiveCfg = Debug|Any CPU
		{AAB2C935-3A5C-4515-A4F9-B4FF7DD0BDEE}.Debug|Any CPU.Build.0 = Debug|Any CPU
		{AAB2C935-3A5C-4515-A4F9-B4FF7DD0BDEE}.Release|Any CPU.ActiveCfg = Release|Any CPU
		{AAB2C935-3A5C-4515-A4F9-B4FF7DD0BDEE}.Release|Any CPU.Build.0 = Release|Any CPU
		{5C6E07CD-A596-45D7-9E3C-76200692826E}.Debug|Any CPU.ActiveCfg = Debug|Any CPU
		{5C6E07CD-A596-45D7-9E3C-76200692826E}.Debug|Any CPU.Build.0 = Debug|Any CPU
		{5C6E07CD-A596-45D7-9E3C-76200692826E}.Release|Any CPU.ActiveCfg = Release|Any CPU
		{5C6E07CD-A596-45D7-9E3C-76200692826E}.Release|Any CPU.Build.0 = Release|Any CPU
		{4ADE73C2-F52B-4E86-AD05-19ECC18576C4}.Debug|Any CPU.ActiveCfg = Debug|Any CPU
		{4ADE73C2-F52B-4E86-AD05-19ECC18576C4}.Debug|Any CPU.Build.0 = Debug|Any CPU
		{4ADE73C2-F52B-4E86-AD05-19ECC18576C4}.Release|Any CPU.ActiveCfg = Release|Any CPU
		{4ADE73C2-F52B-4E86-AD05-19ECC18576C4}.Release|Any CPU.Build.0 = Release|Any CPU
		{1B203EC1-C899-4023-8E21-6CAA2B46A572}.Debug|Any CPU.ActiveCfg = Debug|Any CPU
		{1B203EC1-C899-4023-8E21-6CAA2B46A572}.Debug|Any CPU.Build.0 = Debug|Any CPU
		{1B203EC1-C899-4023-8E21-6CAA2B46A572}.Release|Any CPU.ActiveCfg = Release|Any CPU
		{1B203EC1-C899-4023-8E21-6CAA2B46A572}.Release|Any CPU.Build.0 = Release|Any CPU
		{5EBF8E5B-337B-49D1-BBF3-E123C9C1B18B}.Debug|Any CPU.ActiveCfg = Debug|Any CPU
		{5EBF8E5B-337B-49D1-BBF3-E123C9C1B18B}.Debug|Any CPU.Build.0 = Debug|Any CPU
		{5EBF8E5B-337B-49D1-BBF3-E123C9C1B18B}.Release|Any CPU.ActiveCfg = Release|Any CPU
		{5EBF8E5B-337B-49D1-BBF3-E123C9C1B18B}.Release|Any CPU.Build.0 = Release|Any CPU
		{ECC3D039-F610-49C7-8D10-0C7948E5ABF6}.Debug|Any CPU.ActiveCfg = Debug|Any CPU
		{ECC3D039-F610-49C7-8D10-0C7948E5ABF6}.Debug|Any CPU.Build.0 = Debug|Any CPU
		{ECC3D039-F610-49C7-8D10-0C7948E5ABF6}.Release|Any CPU.ActiveCfg = Release|Any CPU
		{ECC3D039-F610-49C7-8D10-0C7948E5ABF6}.Release|Any CPU.Build.0 = Release|Any CPU
		{9B081959-05B2-4DE2-8965-523A7970B603}.Debug|Any CPU.ActiveCfg = Debug|Any CPU
		{9B081959-05B2-4DE2-8965-523A7970B603}.Debug|Any CPU.Build.0 = Debug|Any CPU
		{9B081959-05B2-4DE2-8965-523A7970B603}.Release|Any CPU.ActiveCfg = Release|Any CPU
		{9B081959-05B2-4DE2-8965-523A7970B603}.Release|Any CPU.Build.0 = Release|Any CPU
		{AA9D823B-2F0C-45A7-82BC-69CB09593CBA}.Debug|Any CPU.ActiveCfg = Debug|Any CPU
		{AA9D823B-2F0C-45A7-82BC-69CB09593CBA}.Debug|Any CPU.Build.0 = Debug|Any CPU
		{AA9D823B-2F0C-45A7-82BC-69CB09593CBA}.Release|Any CPU.ActiveCfg = Release|Any CPU
		{AA9D823B-2F0C-45A7-82BC-69CB09593CBA}.Release|Any CPU.Build.0 = Release|Any CPU
		{2A3E6AD8-BD22-49A4-B0ED-4BA1544296A0}.Debug|Any CPU.ActiveCfg = Debug|Any CPU
		{2A3E6AD8-BD22-49A4-B0ED-4BA1544296A0}.Debug|Any CPU.Build.0 = Debug|Any CPU
		{2A3E6AD8-BD22-49A4-B0ED-4BA1544296A0}.Release|Any CPU.ActiveCfg = Release|Any CPU
		{2A3E6AD8-BD22-49A4-B0ED-4BA1544296A0}.Release|Any CPU.Build.0 = Release|Any CPU
		{67D92C25-4109-4371-BA19-DB7211AF7328}.Debug|Any CPU.ActiveCfg = Debug|Any CPU
		{67D92C25-4109-4371-BA19-DB7211AF7328}.Debug|Any CPU.Build.0 = Debug|Any CPU
		{67D92C25-4109-4371-BA19-DB7211AF7328}.Release|Any CPU.ActiveCfg = Release|Any CPU
		{67D92C25-4109-4371-BA19-DB7211AF7328}.Release|Any CPU.Build.0 = Release|Any CPU
		{B99FF7F1-B48E-4744-8252-A1F3132FA350}.Debug|Any CPU.ActiveCfg = Debug|Any CPU
		{B99FF7F1-B48E-4744-8252-A1F3132FA350}.Debug|Any CPU.Build.0 = Debug|Any CPU
		{B99FF7F1-B48E-4744-8252-A1F3132FA350}.Release|Any CPU.ActiveCfg = Release|Any CPU
		{B99FF7F1-B48E-4744-8252-A1F3132FA350}.Release|Any CPU.Build.0 = Release|Any CPU
		{F8A2D63C-0841-44D0-80A8-2D05B09C6DD5}.Debug|Any CPU.ActiveCfg = Debug|Any CPU
		{F8A2D63C-0841-44D0-80A8-2D05B09C6DD5}.Debug|Any CPU.Build.0 = Debug|Any CPU
		{F8A2D63C-0841-44D0-80A8-2D05B09C6DD5}.Release|Any CPU.ActiveCfg = Release|Any CPU
		{F8A2D63C-0841-44D0-80A8-2D05B09C6DD5}.Release|Any CPU.Build.0 = Release|Any CPU
		{7F93B0F3-9C53-49AF-9FE8-E9F8B372C1AD}.Debug|Any CPU.ActiveCfg = Debug|Any CPU
		{7F93B0F3-9C53-49AF-9FE8-E9F8B372C1AD}.Debug|Any CPU.Build.0 = Debug|Any CPU
		{7F93B0F3-9C53-49AF-9FE8-E9F8B372C1AD}.Release|Any CPU.ActiveCfg = Release|Any CPU
		{7F93B0F3-9C53-49AF-9FE8-E9F8B372C1AD}.Release|Any CPU.Build.0 = Release|Any CPU
		{F7D7D850-3BAB-418F-AA45-D4EBED33B969}.Debug|Any CPU.ActiveCfg = Debug|Any CPU
		{F7D7D850-3BAB-418F-AA45-D4EBED33B969}.Debug|Any CPU.Build.0 = Debug|Any CPU
		{F7D7D850-3BAB-418F-AA45-D4EBED33B969}.Release|Any CPU.ActiveCfg = Release|Any CPU
		{F7D7D850-3BAB-418F-AA45-D4EBED33B969}.Release|Any CPU.Build.0 = Release|Any CPU
		{EB83642B-28D7-4FA9-966A-ED7202D06D06}.Debug|Any CPU.ActiveCfg = Debug|Any CPU
		{EB83642B-28D7-4FA9-966A-ED7202D06D06}.Debug|Any CPU.Build.0 = Debug|Any CPU
		{EB83642B-28D7-4FA9-966A-ED7202D06D06}.Release|Any CPU.ActiveCfg = Release|Any CPU
		{EB83642B-28D7-4FA9-966A-ED7202D06D06}.Release|Any CPU.Build.0 = Release|Any CPU
		{A096762A-D178-44D1-AE2A-92A214E62127}.Debug|Any CPU.ActiveCfg = Debug|Any CPU
		{A096762A-D178-44D1-AE2A-92A214E62127}.Debug|Any CPU.Build.0 = Debug|Any CPU
		{A096762A-D178-44D1-AE2A-92A214E62127}.Release|Any CPU.ActiveCfg = Release|Any CPU
		{A096762A-D178-44D1-AE2A-92A214E62127}.Release|Any CPU.Build.0 = Release|Any CPU
		{14097E3E-1691-4913-A46E-F189AD3F77DB}.Debug|Any CPU.ActiveCfg = Debug|Any CPU
		{14097E3E-1691-4913-A46E-F189AD3F77DB}.Debug|Any CPU.Build.0 = Debug|Any CPU
		{14097E3E-1691-4913-A46E-F189AD3F77DB}.Release|Any CPU.ActiveCfg = Release|Any CPU
		{14097E3E-1691-4913-A46E-F189AD3F77DB}.Release|Any CPU.Build.0 = Release|Any CPU
		{174E67D8-76B9-4BF2-8692-6AE4A9DEB687}.Debug|Any CPU.ActiveCfg = Debug|Any CPU
		{174E67D8-76B9-4BF2-8692-6AE4A9DEB687}.Debug|Any CPU.Build.0 = Debug|Any CPU
		{174E67D8-76B9-4BF2-8692-6AE4A9DEB687}.Release|Any CPU.ActiveCfg = Release|Any CPU
		{174E67D8-76B9-4BF2-8692-6AE4A9DEB687}.Release|Any CPU.Build.0 = Release|Any CPU
		{118798D1-6D41-4759-A5E3-8D54998AB35F}.Debug|Any CPU.ActiveCfg = Debug|Any CPU
		{118798D1-6D41-4759-A5E3-8D54998AB35F}.Debug|Any CPU.Build.0 = Debug|Any CPU
		{118798D1-6D41-4759-A5E3-8D54998AB35F}.Release|Any CPU.ActiveCfg = Release|Any CPU
		{118798D1-6D41-4759-A5E3-8D54998AB35F}.Release|Any CPU.Build.0 = Release|Any CPU
		{CD1E5CC2-63E0-4C3A-AE51-D042E8AE9534}.Debug|Any CPU.ActiveCfg = Debug|Any CPU
		{CD1E5CC2-63E0-4C3A-AE51-D042E8AE9534}.Debug|Any CPU.Build.0 = Debug|Any CPU
		{CD1E5CC2-63E0-4C3A-AE51-D042E8AE9534}.Release|Any CPU.ActiveCfg = Release|Any CPU
		{CD1E5CC2-63E0-4C3A-AE51-D042E8AE9534}.Release|Any CPU.Build.0 = Release|Any CPU
		{B31D55DC-5B14-4A87-B66C-3CB2BCBEA7DD}.Debug|Any CPU.ActiveCfg = Debug|Any CPU
		{B31D55DC-5B14-4A87-B66C-3CB2BCBEA7DD}.Debug|Any CPU.Build.0 = Debug|Any CPU
		{B31D55DC-5B14-4A87-B66C-3CB2BCBEA7DD}.Release|Any CPU.ActiveCfg = Release|Any CPU
		{B31D55DC-5B14-4A87-B66C-3CB2BCBEA7DD}.Release|Any CPU.Build.0 = Release|Any CPU
		{3E04CA31-7C40-4831-A341-9C2F4ADDC2B8}.Debug|Any CPU.ActiveCfg = Debug|Any CPU
		{3E04CA31-7C40-4831-A341-9C2F4ADDC2B8}.Debug|Any CPU.Build.0 = Debug|Any CPU
		{3E04CA31-7C40-4831-A341-9C2F4ADDC2B8}.Release|Any CPU.ActiveCfg = Release|Any CPU
		{3E04CA31-7C40-4831-A341-9C2F4ADDC2B8}.Release|Any CPU.Build.0 = Release|Any CPU
		{9B62AA8B-C309-4C30-B455-0E6A05DE7291}.Debug|Any CPU.ActiveCfg = Debug|Any CPU
		{9B62AA8B-C309-4C30-B455-0E6A05DE7291}.Debug|Any CPU.Build.0 = Debug|Any CPU
		{9B62AA8B-C309-4C30-B455-0E6A05DE7291}.Release|Any CPU.ActiveCfg = Release|Any CPU
		{9B62AA8B-C309-4C30-B455-0E6A05DE7291}.Release|Any CPU.Build.0 = Release|Any CPU
		{F54826F3-1844-4806-8C18-6D1F75413B4B}.Debug|Any CPU.ActiveCfg = Debug|Any CPU
		{F54826F3-1844-4806-8C18-6D1F75413B4B}.Debug|Any CPU.Build.0 = Debug|Any CPU
		{F54826F3-1844-4806-8C18-6D1F75413B4B}.Release|Any CPU.ActiveCfg = Release|Any CPU
		{F54826F3-1844-4806-8C18-6D1F75413B4B}.Release|Any CPU.Build.0 = Release|Any CPU
		{AA439809-0365-4984-8C55-2C2EDA2A6337}.Debug|Any CPU.ActiveCfg = Debug|Any CPU
		{AA439809-0365-4984-8C55-2C2EDA2A6337}.Debug|Any CPU.Build.0 = Debug|Any CPU
		{AA439809-0365-4984-8C55-2C2EDA2A6337}.Release|Any CPU.ActiveCfg = Release|Any CPU
		{AA439809-0365-4984-8C55-2C2EDA2A6337}.Release|Any CPU.Build.0 = Release|Any CPU
		{F7771183-B890-4D74-8354-B7962A2807D3}.Debug|Any CPU.ActiveCfg = Debug|Any CPU
		{F7771183-B890-4D74-8354-B7962A2807D3}.Debug|Any CPU.Build.0 = Debug|Any CPU
		{F7771183-B890-4D74-8354-B7962A2807D3}.Release|Any CPU.ActiveCfg = Release|Any CPU
		{F7771183-B890-4D74-8354-B7962A2807D3}.Release|Any CPU.Build.0 = Release|Any CPU
		{3D0FF921-E321-412B-AC0E-D58FD3557754}.Debug|Any CPU.ActiveCfg = Debug|Any CPU
		{3D0FF921-E321-412B-AC0E-D58FD3557754}.Debug|Any CPU.Build.0 = Debug|Any CPU
		{3D0FF921-E321-412B-AC0E-D58FD3557754}.Release|Any CPU.ActiveCfg = Release|Any CPU
		{3D0FF921-E321-412B-AC0E-D58FD3557754}.Release|Any CPU.Build.0 = Release|Any CPU
		{4986EAA6-F169-480F-802A-A535A1B383D1}.Debug|Any CPU.ActiveCfg = Debug|Any CPU
		{4986EAA6-F169-480F-802A-A535A1B383D1}.Debug|Any CPU.Build.0 = Debug|Any CPU
		{4986EAA6-F169-480F-802A-A535A1B383D1}.Release|Any CPU.ActiveCfg = Release|Any CPU
		{4986EAA6-F169-480F-802A-A535A1B383D1}.Release|Any CPU.Build.0 = Release|Any CPU
		{B23DA0F8-3675-45AC-B2D7-ED4374B24DA5}.Debug|Any CPU.ActiveCfg = Debug|Any CPU
		{B23DA0F8-3675-45AC-B2D7-ED4374B24DA5}.Debug|Any CPU.Build.0 = Debug|Any CPU
		{B23DA0F8-3675-45AC-B2D7-ED4374B24DA5}.Release|Any CPU.ActiveCfg = Release|Any CPU
		{B23DA0F8-3675-45AC-B2D7-ED4374B24DA5}.Release|Any CPU.Build.0 = Release|Any CPU
		{366E3131-2832-48B9-8542-A68BE335D4AC}.Debug|Any CPU.ActiveCfg = Debug|Any CPU
		{366E3131-2832-48B9-8542-A68BE335D4AC}.Debug|Any CPU.Build.0 = Debug|Any CPU
		{366E3131-2832-48B9-8542-A68BE335D4AC}.Release|Any CPU.ActiveCfg = Release|Any CPU
		{366E3131-2832-48B9-8542-A68BE335D4AC}.Release|Any CPU.Build.0 = Release|Any CPU
		{D6CAFA4B-D580-40D2-A5AA-C6BB40EBE46C}.Debug|Any CPU.ActiveCfg = Debug|Any CPU
		{D6CAFA4B-D580-40D2-A5AA-C6BB40EBE46C}.Debug|Any CPU.Build.0 = Debug|Any CPU
		{D6CAFA4B-D580-40D2-A5AA-C6BB40EBE46C}.Release|Any CPU.ActiveCfg = Release|Any CPU
		{D6CAFA4B-D580-40D2-A5AA-C6BB40EBE46C}.Release|Any CPU.Build.0 = Release|Any CPU
		{DF76972A-633E-46CA-8846-39CBA5EFE2B1}.Debug|Any CPU.ActiveCfg = Debug|Any CPU
		{DF76972A-633E-46CA-8846-39CBA5EFE2B1}.Debug|Any CPU.Build.0 = Debug|Any CPU
		{DF76972A-633E-46CA-8846-39CBA5EFE2B1}.Release|Any CPU.ActiveCfg = Release|Any CPU
		{DF76972A-633E-46CA-8846-39CBA5EFE2B1}.Release|Any CPU.Build.0 = Release|Any CPU
		{38496A41-5C0D-4C57-BA39-96215EB62A39}.Debug|Any CPU.ActiveCfg = Debug|Any CPU
		{38496A41-5C0D-4C57-BA39-96215EB62A39}.Debug|Any CPU.Build.0 = Debug|Any CPU
		{38496A41-5C0D-4C57-BA39-96215EB62A39}.Release|Any CPU.ActiveCfg = Release|Any CPU
		{38496A41-5C0D-4C57-BA39-96215EB62A39}.Release|Any CPU.Build.0 = Release|Any CPU
		{6978DD99-7C93-4F1C-A74E-3A89D3CD5815}.Debug|Any CPU.ActiveCfg = Debug|Any CPU
		{6978DD99-7C93-4F1C-A74E-3A89D3CD5815}.Debug|Any CPU.Build.0 = Debug|Any CPU
		{6978DD99-7C93-4F1C-A74E-3A89D3CD5815}.Release|Any CPU.ActiveCfg = Release|Any CPU
		{6978DD99-7C93-4F1C-A74E-3A89D3CD5815}.Release|Any CPU.Build.0 = Release|Any CPU
		{8FDD3542-1932-45FB-8B19-C9E6210008DA}.Debug|Any CPU.ActiveCfg = Debug|Any CPU
		{8FDD3542-1932-45FB-8B19-C9E6210008DA}.Debug|Any CPU.Build.0 = Debug|Any CPU
		{8FDD3542-1932-45FB-8B19-C9E6210008DA}.Release|Any CPU.ActiveCfg = Release|Any CPU
		{8FDD3542-1932-45FB-8B19-C9E6210008DA}.Release|Any CPU.Build.0 = Release|Any CPU
		{B2605D40-1A2F-4732-9968-894A724B934C}.Debug|Any CPU.ActiveCfg = Debug|Any CPU
		{B2605D40-1A2F-4732-9968-894A724B934C}.Debug|Any CPU.Build.0 = Debug|Any CPU
		{B2605D40-1A2F-4732-9968-894A724B934C}.Release|Any CPU.ActiveCfg = Release|Any CPU
		{B2605D40-1A2F-4732-9968-894A724B934C}.Release|Any CPU.Build.0 = Release|Any CPU
		{00F53E87-8164-42EC-B12A-E879F0679CF9}.Debug|Any CPU.ActiveCfg = Debug|Any CPU
		{00F53E87-8164-42EC-B12A-E879F0679CF9}.Debug|Any CPU.Build.0 = Debug|Any CPU
		{00F53E87-8164-42EC-B12A-E879F0679CF9}.Release|Any CPU.ActiveCfg = Release|Any CPU
		{00F53E87-8164-42EC-B12A-E879F0679CF9}.Release|Any CPU.Build.0 = Release|Any CPU
		{F65D8E78-730E-4C53-B4BF-20E7F31EBA10}.Debug|Any CPU.ActiveCfg = Debug|Any CPU
		{F65D8E78-730E-4C53-B4BF-20E7F31EBA10}.Debug|Any CPU.Build.0 = Debug|Any CPU
		{F65D8E78-730E-4C53-B4BF-20E7F31EBA10}.Release|Any CPU.ActiveCfg = Release|Any CPU
		{F65D8E78-730E-4C53-B4BF-20E7F31EBA10}.Release|Any CPU.Build.0 = Release|Any CPU
		{8CF92F7D-10AA-4EE3-8430-E2FE48F618D4}.Debug|Any CPU.ActiveCfg = Debug|Any CPU
		{8CF92F7D-10AA-4EE3-8430-E2FE48F618D4}.Debug|Any CPU.Build.0 = Debug|Any CPU
		{8CF92F7D-10AA-4EE3-8430-E2FE48F618D4}.Release|Any CPU.ActiveCfg = Release|Any CPU
		{8CF92F7D-10AA-4EE3-8430-E2FE48F618D4}.Release|Any CPU.Build.0 = Release|Any CPU
		{412D66C8-F3DB-487E-AFCD-535B6C7839F5}.Debug|Any CPU.ActiveCfg = Debug|Any CPU
		{412D66C8-F3DB-487E-AFCD-535B6C7839F5}.Debug|Any CPU.Build.0 = Debug|Any CPU
		{412D66C8-F3DB-487E-AFCD-535B6C7839F5}.Release|Any CPU.ActiveCfg = Release|Any CPU
		{412D66C8-F3DB-487E-AFCD-535B6C7839F5}.Release|Any CPU.Build.0 = Release|Any CPU
		{C0411AC9-60CF-4691-BFE0-2F4293D5FEE6}.Debug|Any CPU.ActiveCfg = Debug|Any CPU
		{C0411AC9-60CF-4691-BFE0-2F4293D5FEE6}.Debug|Any CPU.Build.0 = Debug|Any CPU
		{C0411AC9-60CF-4691-BFE0-2F4293D5FEE6}.Release|Any CPU.ActiveCfg = Release|Any CPU
		{C0411AC9-60CF-4691-BFE0-2F4293D5FEE6}.Release|Any CPU.Build.0 = Release|Any CPU
		{4B88A31D-2F03-4B11-BBBC-B726919FE0E6}.Debug|Any CPU.ActiveCfg = Debug|Any CPU
		{4B88A31D-2F03-4B11-BBBC-B726919FE0E6}.Debug|Any CPU.Build.0 = Debug|Any CPU
		{4B88A31D-2F03-4B11-BBBC-B726919FE0E6}.Release|Any CPU.ActiveCfg = Release|Any CPU
		{4B88A31D-2F03-4B11-BBBC-B726919FE0E6}.Release|Any CPU.Build.0 = Release|Any CPU
		{B5E3C069-3581-43DB-B2A1-03F92E4AF3D6}.Debug|Any CPU.ActiveCfg = Debug|Any CPU
		{B5E3C069-3581-43DB-B2A1-03F92E4AF3D6}.Debug|Any CPU.Build.0 = Debug|Any CPU
		{B5E3C069-3581-43DB-B2A1-03F92E4AF3D6}.Release|Any CPU.ActiveCfg = Release|Any CPU
		{B5E3C069-3581-43DB-B2A1-03F92E4AF3D6}.Release|Any CPU.Build.0 = Release|Any CPU
		{56734369-32C3-4504-A321-6D4A68B372AC}.Debug|Any CPU.ActiveCfg = Debug|Any CPU
		{56734369-32C3-4504-A321-6D4A68B372AC}.Debug|Any CPU.Build.0 = Debug|Any CPU
		{56734369-32C3-4504-A321-6D4A68B372AC}.Release|Any CPU.ActiveCfg = Release|Any CPU
		{56734369-32C3-4504-A321-6D4A68B372AC}.Release|Any CPU.Build.0 = Release|Any CPU
		{A5A865DB-DC67-4F7A-BDB0-B1E7A7F4D380}.Debug|Any CPU.ActiveCfg = Debug|Any CPU
		{A5A865DB-DC67-4F7A-BDB0-B1E7A7F4D380}.Debug|Any CPU.Build.0 = Debug|Any CPU
		{A5A865DB-DC67-4F7A-BDB0-B1E7A7F4D380}.Release|Any CPU.ActiveCfg = Release|Any CPU
		{A5A865DB-DC67-4F7A-BDB0-B1E7A7F4D380}.Release|Any CPU.Build.0 = Release|Any CPU
		{54B2C987-8E84-472B-BFD2-E838D31B12CB}.Debug|Any CPU.ActiveCfg = Debug|Any CPU
		{54B2C987-8E84-472B-BFD2-E838D31B12CB}.Debug|Any CPU.Build.0 = Debug|Any CPU
		{54B2C987-8E84-472B-BFD2-E838D31B12CB}.Release|Any CPU.ActiveCfg = Release|Any CPU
		{54B2C987-8E84-472B-BFD2-E838D31B12CB}.Release|Any CPU.Build.0 = Release|Any CPU
		{4993178F-CD28-41B3-A759-EE5532142B7B}.Debug|Any CPU.ActiveCfg = Debug|Any CPU
		{4993178F-CD28-41B3-A759-EE5532142B7B}.Debug|Any CPU.Build.0 = Debug|Any CPU
		{4993178F-CD28-41B3-A759-EE5532142B7B}.Release|Any CPU.ActiveCfg = Release|Any CPU
		{4993178F-CD28-41B3-A759-EE5532142B7B}.Release|Any CPU.Build.0 = Release|Any CPU
		{F6CF4812-E33D-4D66-A4D1-36096DCB41EE}.Debug|Any CPU.ActiveCfg = Debug|Any CPU
		{F6CF4812-E33D-4D66-A4D1-36096DCB41EE}.Debug|Any CPU.Build.0 = Debug|Any CPU
		{F6CF4812-E33D-4D66-A4D1-36096DCB41EE}.Release|Any CPU.ActiveCfg = Release|Any CPU
		{F6CF4812-E33D-4D66-A4D1-36096DCB41EE}.Release|Any CPU.Build.0 = Release|Any CPU
		{FC612E84-B6BA-49BE-B429-0218CE90C36D}.Debug|Any CPU.ActiveCfg = Debug|Any CPU
		{FC612E84-B6BA-49BE-B429-0218CE90C36D}.Debug|Any CPU.Build.0 = Debug|Any CPU
		{FC612E84-B6BA-49BE-B429-0218CE90C36D}.Release|Any CPU.ActiveCfg = Release|Any CPU
		{FC612E84-B6BA-49BE-B429-0218CE90C36D}.Release|Any CPU.Build.0 = Release|Any CPU
		{0C5C6B8B-F580-4B8B-BD32-09BF8B5DA0E7}.Debug|Any CPU.ActiveCfg = Debug|Any CPU
		{0C5C6B8B-F580-4B8B-BD32-09BF8B5DA0E7}.Debug|Any CPU.Build.0 = Debug|Any CPU
		{0C5C6B8B-F580-4B8B-BD32-09BF8B5DA0E7}.Release|Any CPU.ActiveCfg = Release|Any CPU
		{0C5C6B8B-F580-4B8B-BD32-09BF8B5DA0E7}.Release|Any CPU.Build.0 = Release|Any CPU
		{7DBED0D0-B8F8-451C-9BBE-0FE83DD1A792}.Debug|Any CPU.ActiveCfg = Debug|Any CPU
		{7DBED0D0-B8F8-451C-9BBE-0FE83DD1A792}.Debug|Any CPU.Build.0 = Debug|Any CPU
		{7DBED0D0-B8F8-451C-9BBE-0FE83DD1A792}.Release|Any CPU.ActiveCfg = Release|Any CPU
		{7DBED0D0-B8F8-451C-9BBE-0FE83DD1A792}.Release|Any CPU.Build.0 = Release|Any CPU
		{84D08B7F-80BD-4EFF-8CDF-541007C793DF}.Debug|Any CPU.ActiveCfg = Debug|Any CPU
		{84D08B7F-80BD-4EFF-8CDF-541007C793DF}.Debug|Any CPU.Build.0 = Debug|Any CPU
		{84D08B7F-80BD-4EFF-8CDF-541007C793DF}.Release|Any CPU.ActiveCfg = Release|Any CPU
		{84D08B7F-80BD-4EFF-8CDF-541007C793DF}.Release|Any CPU.Build.0 = Release|Any CPU
		{910ECA04-1D68-4A0C-9675-2FEB27EDA9DC}.Debug|Any CPU.ActiveCfg = Debug|Any CPU
		{910ECA04-1D68-4A0C-9675-2FEB27EDA9DC}.Debug|Any CPU.Build.0 = Debug|Any CPU
		{910ECA04-1D68-4A0C-9675-2FEB27EDA9DC}.Release|Any CPU.ActiveCfg = Release|Any CPU
		{910ECA04-1D68-4A0C-9675-2FEB27EDA9DC}.Release|Any CPU.Build.0 = Release|Any CPU
		{41BE9F5C-ABDA-440D-B10D-53AEB1F02BFE}.Debug|Any CPU.ActiveCfg = Debug|Any CPU
		{41BE9F5C-ABDA-440D-B10D-53AEB1F02BFE}.Debug|Any CPU.Build.0 = Debug|Any CPU
		{41BE9F5C-ABDA-440D-B10D-53AEB1F02BFE}.Release|Any CPU.ActiveCfg = Release|Any CPU
		{41BE9F5C-ABDA-440D-B10D-53AEB1F02BFE}.Release|Any CPU.Build.0 = Release|Any CPU
	EndGlobalSection
	GlobalSection(SolutionProperties) = preSolution
		HideSolutionNode = FALSE
	EndGlobalSection
	GlobalSection(ExtensibilityGlobals) = postSolution
		SolutionGuid = {43785882-5C1B-4DDF-B17E-E6DCBAA7B274}
	EndGlobalSection
EndGlobal
